
Microsoft Visual Studio Solution File, Format Version 11.00
# Visual Studio 2010
Project("{FAE04EC0-301F-11D3-BF4B-00C04F79EFBC}") = "SimpleWebService", "SimpleWebService.csproj", "{796B5782-8F1E-4DE8-8472-88F2BD89E0FD}"
EndProject
Project("{FAE04EC0-301F-11D3-BF4B-00C04F79EFBC}") = "SimpleWebServiceTestProject", "..\SimpleWebServiceTestProject\SimpleWebServiceTestProject.csproj", "{44445223-A4AC-40F0-AD4E-DCC2E6ABAEB8}"
EndProject
Global
	GlobalSection(SolutionConfigurationPlatforms) = preSolution
		Debug|Any CPU = Debug|Any CPU
		Release|Any CPU = Release|Any CPU
	EndGlobalSection
	GlobalSection(ProjectConfigurationPlatforms) = postSolution
		{796B5782-8F1E-4DE8-8472-88F2BD89E0FD}.Debug|Any CPU.ActiveCfg = Debug|Any CPU
		{796B5782-8F1E-4DE8-8472-88F2BD89E0FD}.Debug|Any CPU.Build.0 = Debug|Any CPU
		{796B5782-8F1E-4DE8-8472-88F2BD89E0FD}.Release|Any CPU.ActiveCfg = Release|Any CPU
		{796B5782-8F1E-4DE8-8472-88F2BD89E0FD}.Release|Any CPU.Build.0 = Release|Any CPU
		{44445223-A4AC-40F0-AD4E-DCC2E6ABAEB8}.Debug|Any CPU.ActiveCfg = Debug|Any CPU
		{44445223-A4AC-40F0-AD4E-DCC2E6ABAEB8}.Debug|Any CPU.Build.0 = Debug|Any CPU
		{44445223-A4AC-40F0-AD4E-DCC2E6ABAEB8}.Release|Any CPU.ActiveCfg = Release|Any CPU
		{44445223-A4AC-40F0-AD4E-DCC2E6ABAEB8}.Release|Any CPU.Build.0 = Release|Any CPU
	EndGlobalSection
	GlobalSection(SolutionProperties) = preSolution
		HideSolutionNode = FALSE
	EndGlobalSection
EndGlobal
